
Microsoft Visual Studio Solution File, Format Version 12.00
# Visual Studio 15
VisualStudioVersion = 15.0.26730.3
MinimumVisualStudioVersion = 10.0.40219.1
Project("{2150E333-8FDC-42A3-9474-1A3956D46DE8}") = "src", "src", "{87004546-D998-4297-AA1D-80B1F676A2F0}"
EndProject
Project("{9A19103F-16F7-4668-BE54-9A1E7A4F7556}") = "Vecc.TimeBasedOneTimePassword", "src\Vecc.TimeBasedOneTimePassword\Vecc.TimeBasedOneTimePassword.csproj", "{2DDB3ED3-599A-4A40-B161-2C59750E684F}"
EndProject
Global
	GlobalSection(SolutionConfigurationPlatforms) = preSolution
		Debug|Any CPU = Debug|Any CPU
		Release|Any CPU = Release|Any CPU
	EndGlobalSection
	GlobalSection(ProjectConfigurationPlatforms) = postSolution
		{2DDB3ED3-599A-4A40-B161-2C59750E684F}.Debug|Any CPU.ActiveCfg = Debug|Any CPU
		{2DDB3ED3-599A-4A40-B161-2C59750E684F}.Debug|Any CPU.Build.0 = Debug|Any CPU
		{2DDB3ED3-599A-4A40-B161-2C59750E684F}.Release|Any CPU.ActiveCfg = Release|Any CPU
		{2DDB3ED3-599A-4A40-B161-2C59750E684F}.Release|Any CPU.Build.0 = Release|Any CPU
	EndGlobalSection
	GlobalSection(SolutionProperties) = preSolution
		HideSolutionNode = FALSE
	EndGlobalSection
	GlobalSection(NestedProjects) = preSolution
		{2DDB3ED3-599A-4A40-B161-2C59750E684F} = {87004546-D998-4297-AA1D-80B1F676A2F0}
	EndGlobalSection
	GlobalSection(ExtensibilityGlobals) = postSolution
		SolutionGuid = {1148B1C7-CE26-4083-9D0F-965D06A0D334}
	EndGlobalSection
EndGlobal
